
Microsoft Visual Studio Solution File, Format Version 12.00
# Visual Studio Version 17
VisualStudioVersion = 17.3.32901.215
MinimumVisualStudioVersion = 10.0.40219.1
Project("{FAE04EC0-301F-11D3-BF4B-00C04F79EFBC}") = "FIFAWebAppWithWorkers", "FIFAWebAppWithWorkers\FIFAWebAppWithWorkers.csproj", "{BAC7134A-DC3C-48B4-8A5E-2F2CDED38873}"
EndProject
Global
	GlobalSection(SolutionConfigurationPlatforms) = preSolution
		Debug|Any CPU = Debug|Any CPU
		Release|Any CPU = Release|Any CPU
	EndGlobalSection
	GlobalSection(ProjectConfigurationPlatforms) = postSolution
		{BAC7134A-DC3C-48B4-8A5E-2F2CDED38873}.Debug|Any CPU.ActiveCfg = Debug|Any CPU
		{BAC7134A-DC3C-48B4-8A5E-2F2CDED38873}.Debug|Any CPU.Build.0 = Debug|Any CPU
		{BAC7134A-DC3C-48B4-8A5E-2F2CDED38873}.Release|Any CPU.ActiveCfg = Release|Any CPU
		{BAC7134A-DC3C-48B4-8A5E-2F2CDED38873}.Release|Any CPU.Build.0 = Release|Any CPU
	EndGlobalSection
	GlobalSection(SolutionProperties) = preSolution
		HideSolutionNode = FALSE
	EndGlobalSection
	GlobalSection(ExtensibilityGlobals) = postSolution
		SolutionGuid = {A3D9E5FC-295E-4896-BAD4-09409389B424}
	EndGlobalSection
EndGlobal
